
Microsoft Visual Studio Solution File, Format Version 12.00
# Visual Studio Version 17
VisualStudioVersion = 17.14.36310.24
MinimumVisualStudioVersion = 10.0.40219.1
Project("{FAE04EC0-301F-11D3-BF4B-00C04F79EFBC}") = "session 1", "session 1\session 1.csproj", "{FAACB1FB-9610-4201-942C-DBF01F61EA7E}"
EndProject
Project("{FAE04EC0-301F-11D3-BF4B-00C04F79EFBC}") = "ConsoleApp1", "..\ConsoleApp1\ConsoleApp1.csproj", "{EB204119-36CD-4AA5-86DA-D8E1CA648ACF}"
EndProject
Global
	GlobalSection(SolutionConfigurationPlatforms) = preSolution
		Debug|Any CPU = Debug|Any CPU
		Release|Any CPU = Release|Any CPU
	EndGlobalSection
	GlobalSection(ProjectConfigurationPlatforms) = postSolution
		{FAACB1FB-9610-4201-942C-DBF01F61EA7E}.Debug|Any CPU.ActiveCfg = Debug|Any CPU
		{FAACB1FB-9610-4201-942C-DBF01F61EA7E}.Debug|Any CPU.Build.0 = Debug|Any CPU
		{FAACB1FB-9610-4201-942C-DBF01F61EA7E}.Release|Any CPU.ActiveCfg = Release|Any CPU
		{FAACB1FB-9610-4201-942C-DBF01F61EA7E}.Release|Any CPU.Build.0 = Release|Any CPU
		{EB204119-36CD-4AA5-86DA-D8E1CA648ACF}.Debug|Any CPU.ActiveCfg = Debug|Any CPU
		{EB204119-36CD-4AA5-86DA-D8E1CA648ACF}.Debug|Any CPU.Build.0 = Debug|Any CPU
		{EB204119-36CD-4AA5-86DA-D8E1CA648ACF}.Release|Any CPU.ActiveCfg = Release|Any CPU
		{EB204119-36CD-4AA5-86DA-D8E1CA648ACF}.Release|Any CPU.Build.0 = Release|Any CPU
	EndGlobalSection
	GlobalSection(SolutionProperties) = preSolution
		HideSolutionNode = FALSE
	EndGlobalSection
	GlobalSection(ExtensibilityGlobals) = postSolution
		SolutionGuid = {6DD84A0C-AA00-449C-B9BE-94A9955CE1B7}
	EndGlobalSection
EndGlobal
